
Microsoft Visual Studio Solution File, Format Version 12.00
# Visual Studio Version 17
VisualStudioVersion = 17.3.32929.385
MinimumVisualStudioVersion = 10.0.40219.1
Project("{9A19103F-16F7-4668-BE54-9A1E7A4F7556}") = "dotnet-console", "dotnet-console.csproj", "{02251E5D-19B2-4D6B-AA73-76F4BD0648D0}"
EndProject
Global
	GlobalSection(SolutionConfigurationPlatforms) = preSolution
		Debug|Any CPU = Debug|Any CPU
		Release|Any CPU = Release|Any CPU
	EndGlobalSection
	GlobalSection(ProjectConfigurationPlatforms) = postSolution
		{02251E5D-19B2-4D6B-AA73-76F4BD0648D0}.Debug|Any CPU.ActiveCfg = Debug|Any CPU
		{02251E5D-19B2-4D6B-AA73-76F4BD0648D0}.Debug|Any CPU.Build.0 = Debug|Any CPU
		{02251E5D-19B2-4D6B-AA73-76F4BD0648D0}.Release|Any CPU.ActiveCfg = Release|Any CPU
		{02251E5D-19B2-4D6B-AA73-76F4BD0648D0}.Release|Any CPU.Build.0 = Release|Any CPU
	EndGlobalSection
	GlobalSection(SolutionProperties) = preSolution
		HideSolutionNode = FALSE
	EndGlobalSection
	GlobalSection(ExtensibilityGlobals) = postSolution
		SolutionGuid = {C20F4094-A3C3-4D75-B16B-9B8E0CC9E2C5}
	EndGlobalSection
EndGlobal
